
Microsoft Visual Studio Solution File, Format Version 12.00
# Visual Studio Version 16
VisualStudioVersion = 16.0.29418.71
MinimumVisualStudioVersion = 10.0.40219.1
Project("{9A19103F-16F7-4668-BE54-9A1E7A4F7556}") = "AsyncAwaitSample", "AsyncAwaitSample\AsyncAwaitSample.csproj", "{37E79042-3475-4DA5-A1F8-8E4E4345D4B4}"
EndProject
Project("{FAE04EC0-301F-11D3-BF4B-00C04F79EFBC}") = "AsyncAwaitSample.ConsoleApp", "AsyncAwaitSample.ConsoleApp\AsyncAwaitSample.ConsoleApp.csproj", "{7B2501B1-349A-4CCF-9CBA-F097F630B7A2}"
EndProject
Global
	GlobalSection(SolutionConfigurationPlatforms) = preSolution
		Debug|Any CPU = Debug|Any CPU
		Release|Any CPU = Release|Any CPU
	EndGlobalSection
	GlobalSection(ProjectConfigurationPlatforms) = postSolution
		{37E79042-3475-4DA5-A1F8-8E4E4345D4B4}.Debug|Any CPU.ActiveCfg = Debug|Any CPU
		{37E79042-3475-4DA5-A1F8-8E4E4345D4B4}.Debug|Any CPU.Build.0 = Debug|Any CPU
		{37E79042-3475-4DA5-A1F8-8E4E4345D4B4}.Release|Any CPU.ActiveCfg = Release|Any CPU
		{37E79042-3475-4DA5-A1F8-8E4E4345D4B4}.Release|Any CPU.Build.0 = Release|Any CPU
		{7B2501B1-349A-4CCF-9CBA-F097F630B7A2}.Debug|Any CPU.ActiveCfg = Debug|Any CPU
		{7B2501B1-349A-4CCF-9CBA-F097F630B7A2}.Debug|Any CPU.Build.0 = Debug|Any CPU
		{7B2501B1-349A-4CCF-9CBA-F097F630B7A2}.Release|Any CPU.ActiveCfg = Release|Any CPU
		{7B2501B1-349A-4CCF-9CBA-F097F630B7A2}.Release|Any CPU.Build.0 = Release|Any CPU
	EndGlobalSection
	GlobalSection(SolutionProperties) = preSolution
		HideSolutionNode = FALSE
	EndGlobalSection
	GlobalSection(ExtensibilityGlobals) = postSolution
		SolutionGuid = {C7926114-B750-4A24-A5E2-ADA7048239AC}
	EndGlobalSection
EndGlobal
